
Microsoft Visual Studio Solution File, Format Version 12.00
Project("{FAE04EC0-301F-11D3-BF4B-00C04F79EFBC}") = "LibraryManager", "LibraryManager.csproj", "{40355B6C-95A0-4244-A8DF-94189CE45D95}"
EndProject
Global
	GlobalSection(SolutionConfigurationPlatforms) = preSolution
		Debug|Any CPU = Debug|Any CPU
		Release|Any CPU = Release|Any CPU
	EndGlobalSection
	GlobalSection(ProjectConfigurationPlatforms) = postSolution
		{40355B6C-95A0-4244-A8DF-94189CE45D95}.Debug|Any CPU.ActiveCfg = Debug|Any CPU
		{40355B6C-95A0-4244-A8DF-94189CE45D95}.Debug|Any CPU.Build.0 = Debug|Any CPU
		{40355B6C-95A0-4244-A8DF-94189CE45D95}.Release|Any CPU.ActiveCfg = Release|Any CPU
		{40355B6C-95A0-4244-A8DF-94189CE45D95}.Release|Any CPU.Build.0 = Release|Any CPU
	EndGlobalSection
EndGlobal
